DEPENDENCIES
  pi_chef_client
    path: .
    metadata: true

GRAPH
  chef-client (4.3.2)
    cron (>= 1.2.0)
    logrotate (>= 1.2.0)
    windows (~> 1.37)
  chef_handler (1.2.0)
  cron (1.7.3)
  logrotate (1.9.2)
  pi_chef_client (0.1.1)
    chef-client (>= 0.0.0)
  windows (1.39.1)
    chef_handler (>= 0.0.0)
